// !$*UTF8*$!
{
	archiveVersion = 1;
	classes = {
	};
	objectVersion = 46;
	objects = {

/* Begin PBXBuildFile section */
		9C38902683260930504EA524 /* libPods-MyDemo.a in Frameworks */ = {isa = PBXBuildFile; fileRef = C01A79FC34EFA19BF723353A /* libPods-MyDemo.a */; };
		F804D5B81F3850B9008A656A /* HECalendarDetailVc.m in Sources */ = {isa = PBXBuildFile; fileRef = F804D5861F3850B9008A656A /* HECalendarDetailVc.m */; };
		F804D5B91F3850B9008A656A /* HECalendarVc.m in Sources */ = {isa = PBXBuildFile; fileRef = F804D5881F3850B9008A656A /* HECalendarVc.m */; };
		F804D5BA1F3850B9008A656A /* HECalendarCell.m in Sources */ = {isa = PBXBuildFile; fileRef = F804D58C1F3850B9008A656A /* HECalendarCell.m */; };
		F804D5BB1F3850B9008A656A /* HECalendarLayout.m in Sources */ = {isa = PBXBuildFile; fileRef = F804D58E1F3850B9008A656A /* HECalendarLayout.m */; };
		F804D5BC1F3850B9008A656A /* HECalendarView.m in Sources */ = {isa = PBXBuildFile; fileRef = F804D5901F3850B9008A656A /* HECalendarView.m */; };
		F804D5BD1F3850B9008A656A /* HESectionHeaderView.m in Sources */ = {isa = PBXBuildFile; fileRef = F804D5921F3850B9008A656A /* HESectionHeaderView.m */; };
		F804D5BE1F3850B9008A656A /* rrslj.ipa in Resources */ = {isa = PBXBuildFile; fileRef = F804D5941F3850B9008A656A /* rrslj.ipa */; };
		F804D5BF1F3850B9008A656A /* NSCalendar+GTLCategory.m in Sources */ = {isa = PBXBuildFile; fileRef = F804D5981F3850B9008A656A /* NSCalendar+GTLCategory.m */; };
		F804D5C01F3850B9008A656A /* HECalendarModel.m in Sources */ = {isa = PBXBuildFile; fileRef = F804D59B1F3850B9008A656A /* HECalendarModel.m */; };
		F804D5C11F3850B9008A656A /* HECalendarFooterView.m in Sources */ = {isa = PBXBuildFile; fileRef = F804D59F1F3850B9008A656A /* HECalendarFooterView.m */; };
		F804D5C21F3850B9008A656A /* HEEnterCalendarCell.m in Sources */ = {isa = PBXBuildFile; fileRef = F804D5A11F3850B9008A656A /* HEEnterCalendarCell.m */; };
		F804D5C31F3850B9008A656A /* HEWeekView.m in Sources */ = {isa = PBXBuildFile; fileRef = F804D5A31F3850B9008A656A /* HEWeekView.m */; };
		F804D5C41F3850B9008A656A /* backImg_end.png in Resources */ = {isa = PBXBuildFile; fileRef = F804D5A61F3850B9008A656A /* backImg_end.png */; };
		F804D5C51F3850B9008A656A /* backImg_start.png in Resources */ = {isa = PBXBuildFile; fileRef = F804D5A71F3850B9008A656A /* backImg_start.png */; };
		F804D5C61F3850B9008A656A /* circle.png in Resources */ = {isa = PBXBuildFile; fileRef = F804D5A81F3850B9008A656A /* circle.png */; };
		F804D5C71F3850B9008A656A /* circle_cir.png in Resources */ = {isa = PBXBuildFile; fileRef = F804D5A91F3850B9008A656A /* circle_cir.png */; };
		F804D5C81F3850B9008A656A /* JTDateHelper.m in Sources */ = {isa = PBXBuildFile; fileRef = F804D5AB1F3850B9008A656A /* JTDateHelper.m */; };
		F804D5C91F3850B9008A656A /* ZYCalendarManager.m in Sources */ = {isa = PBXBuildFile; fileRef = F804D5AD1F3850B9008A656A /* ZYCalendarManager.m */; };
		F804D5CA1F3850B9008A656A /* ZYCalendarView.m in Sources */ = {isa = PBXBuildFile; fileRef = F804D5AF1F3850B9008A656A /* ZYCalendarView.m */; };
		F804D5CB1F3850B9008A656A /* ZYDayView.m in Sources */ = {isa = PBXBuildFile; fileRef = F804D5B11F3850B9008A656A /* ZYDayView.m */; };
		F804D5CC1F3850B9008A656A /* ZYEmptyDayView.m in Sources */ = {isa = PBXBuildFile; fileRef = F804D5B31F3850B9008A656A /* ZYEmptyDayView.m */; };
		F804D5CD1F3850B9008A656A /* ZYMonthView.m in Sources */ = {isa = PBXBuildFile; fileRef = F804D5B51F3850B9008A656A /* ZYMonthView.m */; };
		F804D5CE1F3850B9008A656A /* ZYWeekView.m in Sources */ = {isa = PBXBuildFile; fileRef = F804D5B71F3850B9008A656A /* ZYWeekView.m */; };
		F856516F1F2985230074F4FB /* ARLabel.m in Sources */ = {isa = PBXBuildFile; fileRef = F856516E1F2985230074F4FB /* ARLabel.m */; };
		F8A4B62A1EAEF35F00BB9168 /* XMTestView.m in Sources */ = {isa = PBXBuildFile; fileRef = F8A4B6291EAEF35F00BB9168 /* XMTestView.m */; };
		F8C48E441E9E11C20011066E /* main.m in Sources */ = {isa = PBXBuildFile; fileRef = F8C48E431E9E11C20011066E /* main.m */; };
		F8C48E4F1E9E11C20011066E /* Assets.xcassets in Resources */ = {isa = PBXBuildFile; fileRef = F8C48E4E1E9E11C20011066E /* Assets.xcassets */; };
		F8C48E521E9E11C20011066E /* LaunchScreen.storyboard in Resources */ = {isa = PBXBuildFile; fileRef = F8C48E501E9E11C20011066E /* LaunchScreen.storyboard */; };
		F8C48E5D1E9E11C20011066E /* MyDemoTests.m in Sources */ = {isa = PBXBuildFile; fileRef = F8C48E5C1E9E11C20011066E /* MyDemoTests.m */; };
		F8C48E681E9E11C20011066E /* MyDemoUITests.m in Sources */ = {isa = PBXBuildFile; fileRef = F8C48E671E9E11C20011066E /* MyDemoUITests.m */; };
		F8C48E811E9E1AD30011066E /* AppDelegate.m in Sources */ = {isa = PBXBuildFile; fileRef = F8C48E7E1E9E1AD30011066E /* AppDelegate.m */; };
		F8C48E821E9E1AD30011066E /* XMStartVc.m in Sources */ = {isa = PBXBuildFile; fileRef = F8C48E801E9E1AD30011066E /* XMStartVc.m */; };
		F8C48E861E9E1B6A0011066E /* XMFmdbVc.m in Sources */ = {isa = PBXBuildFile; fileRef = F8C48E851E9E1B6A0011066E /* XMFmdbVc.m */; };
		F8C48E8B1E9E1C330011066E /* XMCoreDataVc.m in Sources */ = {isa = PBXBuildFile; fileRef = F8C48E891E9E1C330011066E /* XMCoreDataVc.m */; };
		F8C48E8C1E9E1C330011066E /* XMCoreDataVc.xib in Resources */ = {isa = PBXBuildFile; fileRef = F8C48E8A1E9E1C330011066E /* XMCoreDataVc.xib */; };
		F8C48E8F1E9E2B6F0011066E /* XMFmdbManger.m in Sources */ = {isa = PBXBuildFile; fileRef = F8C48E8E1E9E2B6F0011066E /* XMFmdbManger.m */; };
		F8C505161F283DBC00253AF9 /* UIView+RectCorner.m in Sources */ = {isa = PBXBuildFile; fileRef = F8C505151F283DBC00253AF9 /* UIView+RectCorner.m */; };
		F8C5051A1F283FA800253AF9 /* XMTestView1.m in Sources */ = {isa = PBXBuildFile; fileRef = F8C505191F283FA800253AF9 /* XMTestView1.m */; };
		F8D88BEA1F1F2D7F00ACE7FF /* RegisterVc.m in Sources */ = {isa = PBXBuildFile; fileRef = F8D88BE91F1F2D7F00ACE7FF /* RegisterVc.m */; };
		F8D88BEC1F1F355300ACE7FF /* dddd.json in Resources */ = {isa = PBXBuildFile; fileRef = F8D88BEB1F1F355300ACE7FF /* dddd.json */; };
		F8D88BEF1F1F376200ACE7FF /* testVc.m in Sources */ = {isa = PBXBuildFile; fileRef = F8D88BEE1F1F376200ACE7FF /* testVc.m */; };
		F8D88BF61F1F421F00ACE7FF /* UIButton+TimerButton.m in Sources */ = {isa = PBXBuildFile; fileRef = F8D88BF51F1F421F00ACE7FF /* UIButton+TimerButton.m */; };
		F8D88C151F204ED300ACE7FF /* express.json in Resources */ = {isa = PBXBuildFile; fileRef = F8D88C141F204ED300ACE7FF /* express.json */; };
		F8D88C181F204FB100ACE7FF /* express.plist in Resources */ = {isa = PBXBuildFile; fileRef = F8D88C171F204FB100ACE7FF /* express.plist */; };
		F8F678371EA4B9D200D06A30 /* XMNetworking.m in Sources */ = {isa = PBXBuildFile; fileRef = F8F678361EA4B9D200D06A30 /* XMNetworking.m */; };
		F8F6783B1EA4B9F400D06A30 /* XMAFNetVc.m in Sources */ = {isa = PBXBuildFile; fileRef = F8F678391EA4B9F400D06A30 /* XMAFNetVc.m */; };
		F8F6783C1EA4B9F400D06A30 /* XMAFNetVc.xib in Resources */ = {isa = PBXBuildFile; fileRef = F8F6783A1EA4B9F400D06A30 /* XMAFNetVc.xib */; };
/* End PBXBuildFile section */

/* Begin PBXContainerItemProxy section */
		F8C48E591E9E11C20011066E /* PBXContainerItemProxy */ = {
			isa = PBXContainerItemProxy;
			containerPortal = F8C48E371E9E11C20011066E /* Project object */;
			proxyType = 1;
			remoteGlobalIDString = F8C48E3E1E9E11C20011066E;
			remoteInfo = MyDemo;
		};
		F8C48E641E9E11C20011066E /* PBXContainerItemProxy */ = {
			isa = PBXContainerItemProxy;
			containerPortal = F8C48E371E9E11C20011066E /* Project object */;
			proxyType = 1;
			remoteGlobalIDString = F8C48E3E1E9E11C20011066E;
			remoteInfo = MyDemo;
		};
/* End PBXContainerItemProxy section */

/* Begin PBXFileReference section */
		88F8C796B56DC85643F149F2 /* Pods-MyDemo.debug.xcconfig */ = {isa = PBXFileReference; includeInIndex = 1; lastKnownFileType = text.xcconfig; name = "Pods-MyDemo.debug.xcconfig"; path = "Pods/Target Support Files/Pods-MyDemo/Pods-MyDemo.debug.xcconfig"; sourceTree = "<group>"; };
		B87A3A6DD4408BE1BE10E1DB /* Pods-MyDemo.release.xcconfig */ = {isa = PBXFileReference; includeInIndex = 1; lastKnownFileType = text.xcconfig; name = "Pods-MyDemo.release.xcconfig"; path = "Pods/Target Support Files/Pods-MyDemo/Pods-MyDemo.release.xcconfig"; sourceTree = "<group>"; };
		C01A79FC34EFA19BF723353A /* libPods-MyDemo.a */ = {isa = PBXFileReference; explicitFileType = archive.ar; includeInIndex = 0; path = "libPods-MyDemo.a"; sourceTree = BUILT_PRODUCTS_DIR; };
		F804D5851F3850B9008A656A /* HECalendarDetailVc.h */ = {isa = PBXFileReference; fileEncoding = 4; lastKnownFileType = sourcecode.c.h; path = HECalendarDetailVc.h; sourceTree = "<group>"; };
		F804D5861F3850B9008A656A /* HECalendarDetailVc.m */ = {isa = PBXFileReference; fileEncoding = 4; lastKnownFileType = sourcecode.c.objc; path = HECalendarDetailVc.m; sourceTree = "<group>"; };
		F804D5871F3850B9008A656A /* HECalendarVc.h */ = {isa = PBXFileReference; fileEncoding = 4; lastKnownFileType = sourcecode.c.h; path = HECalendarVc.h; sourceTree = "<group>"; };
		F804D5881F3850B9008A656A /* HECalendarVc.m */ = {isa = PBXFileReference; fileEncoding = 4; lastKnownFileType = sourcecode.c.objc; path = HECalendarVc.m; sourceTree = "<group>"; };
		F804D58B1F3850B9008A656A /* HECalendarCell.h */ = {isa = PBXFileReference; fileEncoding = 4; lastKnownFileType = sourcecode.c.h; path = HECalendarCell.h; sourceTree = "<group>"; };
		F804D58C1F3850B9008A656A /* HECalendarCell.m */ = {isa = PBXFileReference; fileEncoding = 4; lastKnownFileType = sourcecode.c.objc; path = HECalendarCell.m; sourceTree = "<group>"; };
		F804D58D1F3850B9008A656A /* HECalendarLayout.h */ = {isa = PBXFileReference; fileEncoding = 4; lastKnownFileType = sourcecode.c.h; path = HECalendarLayout.h; sourceTree = "<group>"; };
		F804D58E1F3850B9008A656A /* HECalendarLayout.m */ = {isa = PBXFileReference; fileEncoding = 4; lastKnownFileType = sourcecode.c.objc; path = HECalendarLayout.m; sourceTree = "<group>"; };
		F804D58F1F3850B9008A656A /* HECalendarView.h */ = {isa = PBXFileReference; fileEncoding = 4; lastKnownFileType = sourcecode.c.h; path = HECalendarView.h; sourceTree = "<group>"; };
		F804D5901F3850B9008A656A /* HECalendarView.m */ = {isa = PBXFileReference; fileEncoding = 4; lastKnownFileType = sourcecode.c.objc; path = HECalendarView.m; sourceTree = "<group>"; };
		F804D5911F3850B9008A656A /* HESectionHeaderView.h */ = {isa = PBXFileReference; fileEncoding = 4; lastKnownFileType = sourcecode.c.h; path = HESectionHeaderView.h; sourceTree = "<group>"; };
		F804D5921F3850B9008A656A /* HESectionHeaderView.m */ = {isa = PBXFileReference; fileEncoding = 4; lastKnownFileType = sourcecode.c.objc; path = HESectionHeaderView.m; sourceTree = "<group>"; };
		F804D5941F3850B9008A656A /* rrslj.ipa */ = {isa = PBXFileReference; lastKnownFileType = file; path = rrslj.ipa; sourceTree = "<group>"; };
		F804D5971F3850B9008A656A /* NSCalendar+GTLCategory.h */ = {isa = PBXFileReference; fileEncoding = 4; lastKnownFileType = sourcecode.c.h; path = "NSCalendar+GTLCategory.h"; sourceTree = "<group>"; };
		F804D5981F3850B9008A656A /* NSCalendar+GTLCategory.m */ = {isa = PBXFileReference; fileEncoding = 4; lastKnownFileType = sourcecode.c.objc; path = "NSCalendar+GTLCategory.m"; sourceTree = "<group>"; };
		F804D59A1F3850B9008A656A /* HECalendarModel.h */ = {isa = PBXFileReference; fileEncoding = 4; lastKnownFileType = sourcecode.c.h; path = HECalendarModel.h; sourceTree = "<group>"; };
		F804D59B1F3850B9008A656A /* HECalendarModel.m */ = {isa = PBXFileReference; fileEncoding = 4; lastKnownFileType = sourcecode.c.objc; path = HECalendarModel.m; sourceTree = "<group>"; };
		F804D59E1F3850B9008A656A /* HECalendarFooterView.h */ = {isa = PBXFileReference; fileEncoding = 4; lastKnownFileType = sourcecode.c.h; path = HECalendarFooterView.h; sourceTree = "<group>"; };
		F804D59F1F3850B9008A656A /* HECalendarFooterView.m */ = {isa = PBXFileReference; fileEncoding = 4; lastKnownFileType = sourcecode.c.objc; path = HECalendarFooterView.m; sourceTree = "<group>"; };
		F804D5A01F3850B9008A656A /* HEEnterCalendarCell.h */ = {isa = PBXFileReference; fileEncoding = 4; lastKnownFileType = sourcecode.c.h; path = HEEnterCalendarCell.h; sourceTree = "<group>"; };
		F804D5A11F3850B9008A656A /* HEEnterCalendarCell.m */ = {isa = PBXFileReference; fileEncoding = 4; lastKnownFileType = sourcecode.c.objc; path = HEEnterCalendarCell.m; sourceTree = "<group>"; };
		F804D5A21F3850B9008A656A /* HEWeekView.h */ = {isa = PBXFileReference; fileEncoding = 4; lastKnownFileType = sourcecode.c.h; path = HEWeekView.h; sourceTree = "<group>"; };
		F804D5A31F3850B9008A656A /* HEWeekView.m */ = {isa = PBXFileReference; fileEncoding = 4; lastKnownFileType = sourcecode.c.objc; path = HEWeekView.m; sourceTree = "<group>"; };
		F804D5A61F3850B9008A656A /* backImg_end.png */ = {isa = PBXFileReference; lastKnownFileType = image.png; path = backImg_end.png; sourceTree = "<group>"; };
		F804D5A71F3850B9008A656A /* backImg_start.png */ = {isa = PBXFileReference; lastKnownFileType = image.png; path = backImg_start.png; sourceTree = "<group>"; };
		F804D5A81F3850B9008A656A /* circle.png */ = {isa = PBXFileReference; lastKnownFileType = image.png; path = circle.png; sourceTree = "<group>"; };
		F804D5A91F3850B9008A656A /* circle_cir.png */ = {isa = PBXFileReference; lastKnownFileType = image.png; path = circle_cir.png; sourceTree = "<group>"; };
		F804D5AA1F3850B9008A656A /* JTDateHelper.h */ = {isa = PBXFileReference; fileEncoding = 4; lastKnownFileType = sourcecode.c.h; path = JTDateHelper.h; sourceTree = "<group>"; };
		F804D5AB1F3850B9008A656A /* JTDateHelper.m */ = {isa = PBXFileReference; fileEncoding = 4; lastKnownFileType = sourcecode.c.objc; path = JTDateHelper.m; sourceTree = "<group>"; };
		F804D5AC1F3850B9008A656A /* ZYCalendarManager.h */ = {isa = PBXFileReference; fileEncoding = 4; lastKnownFileType = sourcecode.c.h; path = ZYCalendarManager.h; sourceTree = "<group>"; };
		F804D5AD1F3850B9008A656A /* ZYCalendarManager.m */ = {isa = PBXFileReference; fileEncoding = 4; lastKnownFileType = sourcecode.c.objc; path = ZYCalendarManager.m; sourceTree = "<group>"; };
		F804D5AE1F3850B9008A656A /* ZYCalendarView.h */ = {isa = PBXFileReference; fileEncoding = 4; lastKnownFileType = sourcecode.c.h; path = ZYCalendarView.h; sourceTree = "<group>"; };
		F804D5AF1F3850B9008A656A /* ZYCalendarView.m */ = {isa = PBXFileReference; fileEncoding = 4; lastKnownFileType = sourcecode.c.objc; path = ZYCalendarView.m; sourceTree = "<group>"; };
		F804D5B01F3850B9008A656A /* ZYDayView.h */ = {isa = PBXFileReference; fileEncoding = 4; lastKnownFileType = sourcecode.c.h; path = ZYDayView.h; sourceTree = "<group>"; };
		F804D5B11F3850B9008A656A /* ZYDayView.m */ = {isa = PBXFileReference; fileEncoding = 4; lastKnownFileType = sourcecode.c.objc; path = ZYDayView.m; sourceTree = "<group>"; };
		F804D5B21F3850B9008A656A /* ZYEmptyDayView.h */ = {isa = PBXFileReference; fileEncoding = 4; lastKnownFileType = sourcecode.c.h; path = ZYEmptyDayView.h; sourceTree = "<group>"; };
		F804D5B31F3850B9008A656A /* ZYEmptyDayView.m */ = {isa = PBXFileReference; fileEncoding = 4; lastKnownFileType = sourcecode.c.objc; path = ZYEmptyDayView.m; sourceTree = "<group>"; };
		F804D5B41F3850B9008A656A /* ZYMonthView.h */ = {isa = PBXFileReference; fileEncoding = 4; lastKnownFileType = sourcecode.c.h; path = ZYMonthView.h; sourceTree = "<group>"; };
		F804D5B51F3850B9008A656A /* ZYMonthView.m */ = {isa = PBXFileReference; fileEncoding = 4; lastKnownFileType = sourcecode.c.objc; path = ZYMonthView.m; sourceTree = "<group>"; };
		F804D5B61F3850B9008A656A /* ZYWeekView.h */ = {isa = PBXFileReference; fileEncoding = 4; lastKnownFileType = sourcecode.c.h; path = ZYWeekView.h; sourceTree = "<group>"; };
		F804D5B71F3850B9008A656A /* ZYWeekView.m */ = {isa = PBXFileReference; fileEncoding = 4; lastKnownFileType = sourcecode.c.objc; path = ZYWeekView.m; sourceTree = "<group>"; };
		F856516D1F2985230074F4FB /* ARLabel.h */ = {isa = PBXFileReference; fileEncoding = 4; lastKnownFileType = sourcecode.c.h; path = ARLabel.h; sourceTree = "<group>"; };
		F856516E1F2985230074F4FB /* ARLabel.m */ = {isa = PBXFileReference; fileEncoding = 4; lastKnownFileType = sourcecode.c.objc; path = ARLabel.m; sourceTree = "<group>"; };
		F8A4B6281EAEF35F00BB9168 /* XMTestView.h */ = {isa = PBXFileReference; fileEncoding = 4; lastKnownFileType = sourcecode.c.h; path = XMTestView.h; sourceTree = "<group>"; };
		F8A4B6291EAEF35F00BB9168 /* XMTestView.m */ = {isa = PBXFileReference; fileEncoding = 4; lastKnownFileType = sourcecode.c.objc; path = XMTestView.m; sourceTree = "<group>"; };
		F8C48E3F1E9E11C20011066E /* MyDemo.app */ = {isa = PBXFileReference; explicitFileType = wrapper.application; includeInIndex = 0; path = MyDemo.app; sourceTree = BUILT_PRODUCTS_DIR; };
		F8C48E431E9E11C20011066E /* main.m */ = {isa = PBXFileReference; lastKnownFileType = sourcecode.c.objc; path = main.m; sourceTree = "<group>"; };
		F8C48E4E1E9E11C20011066E /* Assets.xcassets */ = {isa = PBXFileReference; lastKnownFileType = folder.assetcatalog; path = Assets.xcassets; sourceTree = "<group>"; };
		F8C48E511E9E11C20011066E /* Base */ = {isa = PBXFileReference; lastKnownFileType = file.storyboard; name = Base; path = Base.lproj/LaunchScreen.storyboard; sourceTree = "<group>"; };
		F8C48E531E9E11C20011066E /* Info.plist */ = {isa = PBXFileReference; lastKnownFileType = text.plist.xml; path = Info.plist; sourceTree = "<group>"; };
		F8C48E581E9E11C20011066E /* MyDemoTests.xctest */ = {isa = PBXFileReference; explicitFileType = wrapper.cfbundle; includeInIndex = 0; path = MyDemoTests.xctest; sourceTree = BUILT_PRODUCTS_DIR; };
		F8C48E5C1E9E11C20011066E /* MyDemoTests.m */ = {isa = PBXFileReference; lastKnownFileType = sourcecode.c.objc; path = MyDemoTests.m; sourceTree = "<group>"; };
		F8C48E5E1E9E11C20011066E /* Info.plist */ = {isa = PBXFileReference; lastKnownFileType = text.plist.xml; path = Info.plist; sourceTree = "<group>"; };
		F8C48E631E9E11C20011066E /* MyDemoUITests.xctest */ = {isa = PBXFileReference; explicitFileType = wrapper.cfbundle; includeInIndex = 0; path = MyDemoUITests.xctest; sourceTree = BUILT_PRODUCTS_DIR; };
		F8C48E671E9E11C20011066E /* MyDemoUITests.m */ = {isa = PBXFileReference; lastKnownFileType = sourcecode.c.objc; path = MyDemoUITests.m; sourceTree = "<group>"; };
		F8C48E691E9E11C20011066E /* Info.plist */ = {isa = PBXFileReference; lastKnownFileType = text.plist.xml; path = Info.plist; sourceTree = "<group>"; };
		F8C48E751E9E148B0011066E /* PrefixHeader.pch */ = {isa = PBXFileReference; lastKnownFileType = sourcecode.c.h; path = PrefixHeader.pch; sourceTree = "<group>"; };
		F8C48E7D1E9E1AD30011066E /* AppDelegate.h */ = {isa = PBXFileReference; fileEncoding = 4; lastKnownFileType = sourcecode.c.h; path = AppDelegate.h; sourceTree = "<group>"; };
		F8C48E7E1E9E1AD30011066E /* AppDelegate.m */ = {isa = PBXFileReference; fileEncoding = 4; lastKnownFileType = sourcecode.c.objc; path = AppDelegate.m; sourceTree = "<group>"; };
		F8C48E7F1E9E1AD30011066E /* XMStartVc.h */ = {isa = PBXFileReference; fileEncoding = 4; lastKnownFileType = sourcecode.c.h; path = XMStartVc.h; sourceTree = "<group>"; };
		F8C48E801E9E1AD30011066E /* XMStartVc.m */ = {isa = PBXFileReference; fileEncoding = 4; lastKnownFileType = sourcecode.c.objc; path = XMStartVc.m; sourceTree = "<group>"; };
		F8C48E841E9E1B6A0011066E /* XMFmdbVc.h */ = {isa = PBXFileReference; fileEncoding = 4; lastKnownFileType = sourcecode.c.h; path = XMFmdbVc.h; sourceTree = "<group>"; };
		F8C48E851E9E1B6A0011066E /* XMFmdbVc.m */ = {isa = PBXFileReference; fileEncoding = 4; lastKnownFileType = sourcecode.c.objc; path = XMFmdbVc.m; sourceTree = "<group>"; };
		F8C48E881E9E1C330011066E /* XMCoreDataVc.h */ = {isa = PBXFileReference; fileEncoding = 4; lastKnownFileType = sourcecode.c.h; path = XMCoreDataVc.h; sourceTree = "<group>"; };
		F8C48E891E9E1C330011066E /* XMCoreDataVc.m */ = {isa = PBXFileReference; fileEncoding = 4; lastKnownFileType = sourcecode.c.objc; path = XMCoreDataVc.m; sourceTree = "<group>"; };
		F8C48E8A1E9E1C330011066E /* XMCoreDataVc.xib */ = {isa = PBXFileReference; fileEncoding = 4; lastKnownFileType = file.xib; path = XMCoreDataVc.xib; sourceTree = "<group>"; };
		F8C48E8D1E9E2B6F0011066E /* XMFmdbManger.h */ = {isa = PBXFileReference; fileEncoding = 4; lastKnownFileType = sourcecode.c.h; path = XMFmdbManger.h; sourceTree = "<group>"; };
		F8C48E8E1E9E2B6F0011066E /* XMFmdbManger.m */ = {isa = PBXFileReference; fileEncoding = 4; lastKnownFileType = sourcecode.c.objc; path = XMFmdbManger.m; sourceTree = "<group>"; };
		F8C505141F283DBC00253AF9 /* UIView+RectCorner.h */ = {isa = PBXFileReference; fileEncoding = 4; lastKnownFileType = sourcecode.c.h; path = "UIView+RectCorner.h"; sourceTree = "<group>"; };
		F8C505151F283DBC00253AF9 /* UIView+RectCorner.m */ = {isa = PBXFileReference; fileEncoding = 4; lastKnownFileType = sourcecode.c.objc; path = "UIView+RectCorner.m"; sourceTree = "<group>"; };
		F8C505181F283FA800253AF9 /* XMTestView1.h */ = {isa = PBXFileReference; fileEncoding = 4; lastKnownFileType = sourcecode.c.h; path = XMTestView1.h; sourceTree = "<group>"; };
		F8C505191F283FA800253AF9 /* XMTestView1.m */ = {isa = PBXFileReference; fileEncoding = 4; lastKnownFileType = sourcecode.c.objc; path = XMTestView1.m; sourceTree = "<group>"; };
		F8D88BE81F1F2D7F00ACE7FF /* RegisterVc.h */ = {isa = PBXFileReference; fileEncoding = 4; lastKnownFileType = sourcecode.c.h; path = RegisterVc.h; sourceTree = "<group>"; };
		F8D88BE91F1F2D7F00ACE7FF /* RegisterVc.m */ = {isa = PBXFileReference; fileEncoding = 4; lastKnownFileType = sourcecode.c.objc; path = RegisterVc.m; sourceTree = "<group>"; };
		F8D88BEB1F1F355300ACE7FF /* dddd.json */ = {isa = PBXFileReference; fileEncoding = 4; lastKnownFileType = text.json; path = dddd.json; sourceTree = "<group>"; };
		F8D88BED1F1F376200ACE7FF /* testVc.h */ = {isa = PBXFileReference; fileEncoding = 4; lastKnownFileType = sourcecode.c.h; path = testVc.h; sourceTree = "<group>"; };
		F8D88BEE1F1F376200ACE7FF /* testVc.m */ = {isa = PBXFileReference; fileEncoding = 4; lastKnownFileType = sourcecode.c.objc; path = testVc.m; sourceTree = "<group>"; };
		F8D88BF41F1F421F00ACE7FF /* UIButton+TimerButton.h */ = {isa = PBXFileReference; fileEncoding = 4; lastKnownFileType = sourcecode.c.h; path = "UIButton+TimerButton.h"; sourceTree = "<group>"; };
		F8D88BF51F1F421F00ACE7FF /* UIButton+TimerButton.m */ = {isa = PBXFileReference; fileEncoding = 4; lastKnownFileType = sourcecode.c.objc; path = "UIButton+TimerButton.m"; sourceTree = "<group>"; };
		F8D88C141F204ED300ACE7FF /* express.json */ = {isa = PBXFileReference; fileEncoding = 4; lastKnownFileType = text.json; path = express.json; sourceTree = "<group>"; };
		F8D88C171F204FB100ACE7FF /* express.plist */ = {isa = PBXFileReference; fileEncoding = 4; lastKnownFileType = text.plist.xml; path = express.plist; sourceTree = "<group>"; };
		F8F678301EA0D13000D06A30 /* CF_Runloop.xcodeproj */ = {isa = PBXFileReference; lastKnownFileType = "wrapper.pb-project"; name = CF_Runloop.xcodeproj; path = ../../../../../Downloads/CF_Runloop/CF_Runloop.xcodeproj; sourceTree = "<group>"; };
		F8F678351EA4B9D200D06A30 /* XMNetworking.h */ = {isa = PBXFileReference; fileEncoding = 4; lastKnownFileType = sourcecode.c.h; path = XMNetworking.h; sourceTree = "<group>"; };
		F8F678361EA4B9D200D06A30 /* XMNetworking.m */ = {isa = PBXFileReference; fileEncoding = 4; lastKnownFileType = sourcecode.c.objc; path = XMNetworking.m; sourceTree = "<group>"; };
		F8F678381EA4B9F400D06A30 /* XMAFNetVc.h */ = {isa = PBXFileReference; fileEncoding = 4; lastKnownFileType = sourcecode.c.h; path = XMAFNetVc.h; sourceTree = "<group>"; };
		F8F678391EA4B9F400D06A30 /* XMAFNetVc.m */ = {isa = PBXFileReference; fileEncoding = 4; lastKnownFileType = sourcecode.c.objc; path = XMAFNetVc.m; sourceTree = "<group>"; };
		F8F6783A1EA4B9F400D06A30 /* XMAFNetVc.xib */ = {isa = PBXFileReference; fileEncoding = 4; lastKnownFileType = file.xib; path = XMAFNetVc.xib; sourceTree = "<group>"; };
/* End PBXFileReference section */

/* Begin PBXFrameworksBuildPhase section */
		F8C48E3C1E9E11C20011066E /* Frameworks */ = {
			isa = PBXFrameworksBuildPhase;
			buildActionMask = 2147483647;
			files = (
				9C38902683260930504EA524 /* libPods-MyDemo.a in Frameworks */,
			);
			runOnlyForDeploymentPostprocessing = 0;
		};
		F8C48E551E9E11C20011066E /* Frameworks */ = {
			isa = PBXFrameworksBuildPhase;
			buildActionMask = 2147483647;
			files = (
			);
			runOnlyForDeploymentPostprocessing = 0;
		};
		F8C48E601E9E11C20011066E /* Frameworks */ = {
			isa = PBXFrameworksBuildPhase;
			buildActionMask = 2147483647;
			files = (
			);
			runOnlyForDeploymentPostprocessing = 0;
		};
/* End PBXFrameworksBuildPhase section */

/* Begin PBXGroup section */
		14B9E5C2619F628FF0294FF0 /* Frameworks */ = {
			isa = PBXGroup;
			children = (
				C01A79FC34EFA19BF723353A /* libPods-MyDemo.a */,
			);
			name = Frameworks;
			sourceTree = "<group>";
		};
		D0D1B69DEB681B0FEB0195C0 /* Pods */ = {
			isa = PBXGroup;
			children = (
				88F8C796B56DC85643F149F2 /* Pods-MyDemo.debug.xcconfig */,
				B87A3A6DD4408BE1BE10E1DB /* Pods-MyDemo.release.xcconfig */,
			);
			name = Pods;
			sourceTree = "<group>";
		};
		F804D5821F3850B9008A656A /* Calendar */ = {
			isa = PBXGroup;
			children = (
				F804D5831F3850B9008A656A /* CalendarTools */,
				F804D5841F3850B9008A656A /* Controller */,
				F804D5891F3850B9008A656A /* Lib */,
				F804D5991F3850B9008A656A /* Model */,
				F804D59C1F3850B9008A656A /* View */,
				F804D5A41F3850B9008A656A /* ZYCalendarView */,
			);
			path = Calendar;
			sourceTree = "<group>";
		};
		F804D5831F3850B9008A656A /* CalendarTools */ = {
			isa = PBXGroup;
			children = (
			);
			path = CalendarTools;
			sourceTree = "<group>";
		};
		F804D5841F3850B9008A656A /* Controller */ = {
			isa = PBXGroup;
			children = (
				F804D5851F3850B9008A656A /* HECalendarDetailVc.h */,
				F804D5861F3850B9008A656A /* HECalendarDetailVc.m */,
				F804D5871F3850B9008A656A /* HECalendarVc.h */,
				F804D5881F3850B9008A656A /* HECalendarVc.m */,
			);
			path = Controller;
			sourceTree = "<group>";
		};
		F804D5891F3850B9008A656A /* Lib */ = {
			isa = PBXGroup;
			children = (
				F804D58A1F3850B9008A656A /* Calendar */,
				F804D5951F3850B9008A656A /* CalendarTools */,
			);
			path = Lib;
			sourceTree = "<group>";
		};
		F804D58A1F3850B9008A656A /* Calendar */ = {
			isa = PBXGroup;
			children = (
				F804D58B1F3850B9008A656A /* HECalendarCell.h */,
				F804D58C1F3850B9008A656A /* HECalendarCell.m */,
				F804D58D1F3850B9008A656A /* HECalendarLayout.h */,
				F804D58E1F3850B9008A656A /* HECalendarLayout.m */,
				F804D58F1F3850B9008A656A /* HECalendarView.h */,
				F804D5901F3850B9008A656A /* HECalendarView.m */,
				F804D5911F3850B9008A656A /* HESectionHeaderView.h */,
				F804D5921F3850B9008A656A /* HESectionHeaderView.m */,
				F804D5931F3850B9008A656A /* rrslj 2017-07-03 17-27-38 */,
			);
			path = Calendar;
			sourceTree = "<group>";
		};
		F804D5931F3850B9008A656A /* rrslj 2017-07-03 17-27-38 */ = {
			isa = PBXGroup;
			children = (
				F804D5941F3850B9008A656A /* rrslj.ipa */,
			);
			path = "rrslj 2017-07-03 17-27-38";
			sourceTree = "<group>";
		};
		F804D5951F3850B9008A656A /* CalendarTools */ = {
			isa = PBXGroup;
			children = (
				F804D5961F3850B9008A656A /* GTLCalendarCategory */,
			);
			path = CalendarTools;
			sourceTree = "<group>";
		};
		F804D5961F3850B9008A656A /* GTLCalendarCategory */ = {
			isa = PBXGroup;
			children = (
				F804D5971F3850B9008A656A /* NSCalendar+GTLCategory.h */,
				F804D5981F3850B9008A656A /* NSCalendar+GTLCategory.m */,
			);
			path = GTLCalendarCategory;
			sourceTree = "<group>";
		};
		F804D5991F3850B9008A656A /* Model */ = {
			isa = PBXGroup;
			children = (
				F804D59A1F3850B9008A656A /* HECalendarModel.h */,
				F804D59B1F3850B9008A656A /* HECalendarModel.m */,
			);
			path = Model;
			sourceTree = "<group>";
		};
		F804D59C1F3850B9008A656A /* View */ = {
			isa = PBXGroup;
			children = (
				F804D59D1F3850B9008A656A /* Calendar */,
				F804D59E1F3850B9008A656A /* HECalendarFooterView.h */,
				F804D59F1F3850B9008A656A /* HECalendarFooterView.m */,
				F804D5A01F3850B9008A656A /* HEEnterCalendarCell.h */,
				F804D5A11F3850B9008A656A /* HEEnterCalendarCell.m */,
				F804D5A21F3850B9008A656A /* HEWeekView.h */,
				F804D5A31F3850B9008A656A /* HEWeekView.m */,
			);
			path = View;
			sourceTree = "<group>";
		};
		F804D59D1F3850B9008A656A /* Calendar */ = {
			isa = PBXGroup;
			children = (
			);
			path = Calendar;
			sourceTree = "<group>";
		};
		F804D5A41F3850B9008A656A /* ZYCalendarView */ = {
			isa = PBXGroup;
			children = (
				F804D5A51F3850B9008A656A /* Images */,
				F804D5AA1F3850B9008A656A /* JTDateHelper.h */,
				F804D5AB1F3850B9008A656A /* JTDateHelper.m */,
				F804D5AC1F3850B9008A656A /* ZYCalendarManager.h */,
				F804D5AD1F3850B9008A656A /* ZYCalendarManager.m */,
				F804D5AE1F3850B9008A656A /* ZYCalendarView.h */,
				F804D5AF1F3850B9008A656A /* ZYCalendarView.m */,
				F804D5B01F3850B9008A656A /* ZYDayView.h */,
				F804D5B11F3850B9008A656A /* ZYDayView.m */,
				F804D5B21F3850B9008A656A /* ZYEmptyDayView.h */,
				F804D5B31F3850B9008A656A /* ZYEmptyDayView.m */,
				F804D5B41F3850B9008A656A /* ZYMonthView.h */,
				F804D5B51F3850B9008A656A /* ZYMonthView.m */,
				F804D5B61F3850B9008A656A /* ZYWeekView.h */,
				F804D5B71F3850B9008A656A /* ZYWeekView.m */,
			);
			path = ZYCalendarView;
			sourceTree = "<group>";
		};
		F804D5A51F3850B9008A656A /* Images */ = {
			isa = PBXGroup;
			children = (
				F804D5A61F3850B9008A656A /* backImg_end.png */,
				F804D5A71F3850B9008A656A /* backImg_start.png */,
				F804D5A81F3850B9008A656A /* circle.png */,
				F804D5A91F3850B9008A656A /* circle_cir.png */,
			);
			path = Images;
			sourceTree = "<group>";
		};
		F8C48E361E9E11C20011066E = {
			isa = PBXGroup;
			children = (
				F8C48E411E9E11C20011066E /* MyDemo */,
				14B9E5C2619F628FF0294FF0 /* Frameworks */,
				F8C48E401E9E11C20011066E /* Products */,
				D0D1B69DEB681B0FEB0195C0 /* Pods */,
			);
			sourceTree = "<group>";
		};
		F8C48E401E9E11C20011066E /* Products */ = {
			isa = PBXGroup;
			children = (
				F8C48E3F1E9E11C20011066E /* MyDemo.app */,
				F8C48E581E9E11C20011066E /* MyDemoTests.xctest */,
				F8C48E631E9E11C20011066E /* MyDemoUITests.xctest */,
			);
			name = Products;
			sourceTree = "<group>";
		};
		F8C48E411E9E11C20011066E /* MyDemo */ = {
			isa = PBXGroup;
			children = (
				F804D5821F3850B9008A656A /* Calendar */,
				F8D88BE21F1F2D4700ACE7FF /* Register */,
				F8F678341EA4B9C400D06A30 /* AF */,
				F8C48E7C1E9E1AD30011066E /* App */,
				F8F676D41EA0D0B400D06A30 /* Runloop */,
				F8C48E871E9E1C110011066E /* CoreData */,
				F8C48E831E9E1B470011066E /* FMDBDemo */,
				F8C48E421E9E11C20011066E /* Supporting Files */,
				F8C48E5B1E9E11C20011066E /* MyDemoTests */,
				F8C48E661E9E11C20011066E /* MyDemoUITests */,
			);
			path = MyDemo;
			sourceTree = "<group>";
		};
		F8C48E421E9E11C20011066E /* Supporting Files */ = {
			isa = PBXGroup;
			children = (
				F8D88C141F204ED300ACE7FF /* express.json */,
				F8C48E751E9E148B0011066E /* PrefixHeader.pch */,
				F8C48E4E1E9E11C20011066E /* Assets.xcassets */,
				F8C48E501E9E11C20011066E /* LaunchScreen.storyboard */,
				F8C48E531E9E11C20011066E /* Info.plist */,
				F8C48E431E9E11C20011066E /* main.m */,
				F8D88C171F204FB100ACE7FF /* express.plist */,
			);
			name = "Supporting Files";
			sourceTree = "<group>";
		};
		F8C48E5B1E9E11C20011066E /* MyDemoTests */ = {
			isa = PBXGroup;
			children = (
				F8C48E5C1E9E11C20011066E /* MyDemoTests.m */,
				F8C48E5E1E9E11C20011066E /* Info.plist */,
			);
			path = MyDemoTests;
			sourceTree = SOURCE_ROOT;
		};
		F8C48E661E9E11C20011066E /* MyDemoUITests */ = {
			isa = PBXGroup;
			children = (
				F8C48E671E9E11C20011066E /* MyDemoUITests.m */,
				F8C48E691E9E11C20011066E /* Info.plist */,
			);
			path = MyDemoUITests;
			sourceTree = SOURCE_ROOT;
		};
		F8C48E7C1E9E1AD30011066E /* App */ = {
			isa = PBXGroup;
			children = (
				F8C48E7D1E9E1AD30011066E /* AppDelegate.h */,
				F8C48E7E1E9E1AD30011066E /* AppDelegate.m */,
				F8C48E7F1E9E1AD30011066E /* XMStartVc.h */,
				F8C48E801E9E1AD30011066E /* XMStartVc.m */,
			);
			path = App;
			sourceTree = "<group>";
		};
		F8C48E831E9E1B470011066E /* FMDBDemo */ = {
			isa = PBXGroup;
			children = (
				F8C48E841E9E1B6A0011066E /* XMFmdbVc.h */,
				F8C48E851E9E1B6A0011066E /* XMFmdbVc.m */,
				F8C48E8D1E9E2B6F0011066E /* XMFmdbManger.h */,
				F8C48E8E1E9E2B6F0011066E /* XMFmdbManger.m */,
				F8A4B6281EAEF35F00BB9168 /* XMTestView.h */,
				F8A4B6291EAEF35F00BB9168 /* XMTestView.m */,
			);
			path = FMDBDemo;
			sourceTree = "<group>";
		};
		F8C48E871E9E1C110011066E /* CoreData */ = {
			isa = PBXGroup;
			children = (
				F8C48E881E9E1C330011066E /* XMCoreDataVc.h */,
				F8C48E891E9E1C330011066E /* XMCoreDataVc.m */,
				F8C48E8A1E9E1C330011066E /* XMCoreDataVc.xib */,
			);
			path = CoreData;
			sourceTree = "<group>";
		};
		F8D88BE21F1F2D4700ACE7FF /* Register */ = {
			isa = PBXGroup;
			children = (
				F8D88BE41F1F2D6A00ACE7FF /* Controller */,
				F8D88BE51F1F2D6A00ACE7FF /* Model */,
				F8D88BE61F1F2D6A00ACE7FF /* Tools */,
				F8D88BE71F1F2D6A00ACE7FF /* View */,
			);
			path = Register;
			sourceTree = "<group>";
		};
		F8D88BE41F1F2D6A00ACE7FF /* Controller */ = {
			isa = PBXGroup;
			children = (
				F856516D1F2985230074F4FB /* ARLabel.h */,
				F856516E1F2985230074F4FB /* ARLabel.m */,
				F8D88BEB1F1F355300ACE7FF /* dddd.json */,
				F8D88BE81F1F2D7F00ACE7FF /* RegisterVc.h */,
				F8D88BE91F1F2D7F00ACE7FF /* RegisterVc.m */,
				F8D88BED1F1F376200ACE7FF /* testVc.h */,
				F8D88BEE1F1F376200ACE7FF /* testVc.m */,
				F8C505141F283DBC00253AF9 /* UIView+RectCorner.h */,
				F8C505151F283DBC00253AF9 /* UIView+RectCorner.m */,
				F8C505181F283FA800253AF9 /* XMTestView1.h */,
				F8C505191F283FA800253AF9 /* XMTestView1.m */,
			);
			path = Controller;
			sourceTree = "<group>";
		};
		F8D88BE51F1F2D6A00ACE7FF /* Model */ = {
			isa = PBXGroup;
			children = (
			);
			path = Model;
			sourceTree = "<group>";
		};
		F8D88BE61F1F2D6A00ACE7FF /* Tools */ = {
			isa = PBXGroup;
			children = (
				F8D88BF41F1F421F00ACE7FF /* UIButton+TimerButton.h */,
				F8D88BF51F1F421F00ACE7FF /* UIButton+TimerButton.m */,
			);
			path = Tools;
			sourceTree = "<group>";
		};
		F8D88BE71F1F2D6A00ACE7FF /* View */ = {
			isa = PBXGroup;
			children = (
			);
			path = View;
			sourceTree = "<group>";
		};
		F8F676D41EA0D0B400D06A30 /* Runloop */ = {
			isa = PBXGroup;
			children = (
				F8F678301EA0D13000D06A30 /* CF_Runloop.xcodeproj */,
			);
			path = Runloop;
			sourceTree = "<group>";
		};
		F8F678311EA0D13000D06A30 /* Products */ = {
			isa = PBXGroup;
			children = (
			);
			name = Products;
			sourceTree = "<group>";
		};
		F8F678341EA4B9C400D06A30 /* AF */ = {
			isa = PBXGroup;
			children = (
				F8F678351EA4B9D200D06A30 /* XMNetworking.h */,
				F8F678361EA4B9D200D06A30 /* XMNetworking.m */,
				F8F678381EA4B9F400D06A30 /* XMAFNetVc.h */,
				F8F678391EA4B9F400D06A30 /* XMAFNetVc.m */,
				F8F6783A1EA4B9F400D06A30 /* XMAFNetVc.xib */,
			);
			path = AF;
			sourceTree = "<group>";
		};
/* End PBXGroup section */

/* Begin PBXNativeTarget section */
		F8C48E3E1E9E11C20011066E /* MyDemo */ = {
			isa = PBXNativeTarget;
			buildConfigurationList = F8C48E6C1E9E11C20011066E /* Build configuration list for PBXNativeTarget "MyDemo" */;
			buildPhases = (
				5BF7857AB57B68B3BE723325 /* [CP] Check Pods Manifest.lock */,
				F8C48E3B1E9E11C20011066E /* Sources */,
				F8C48E3C1E9E11C20011066E /* Frameworks */,
				F8C48E3D1E9E11C20011066E /* Resources */,
				557DF1CEA0EB29DC3A1682CB /* [CP] Embed Pods Frameworks */,
				5CD4FAECBDF40984CBF2440F /* [CP] Copy Pods Resources */,
			);
			buildRules = (
			);
			dependencies = (
			);
			name = MyDemo;
			productName = MyDemo;
			productReference = F8C48E3F1E9E11C20011066E /* MyDemo.app */;
			productType = "com.apple.product-type.application";
		};
		F8C48E571E9E11C20011066E /* MyDemoTests */ = {
			isa = PBXNativeTarget;
			buildConfigurationList = F8C48E6F1E9E11C20011066E /* Build configuration list for PBXNativeTarget "MyDemoTests" */;
			buildPhases = (
				F8C48E541E9E11C20011066E /* Sources */,
				F8C48E551E9E11C20011066E /* Frameworks */,
				F8C48E561E9E11C20011066E /* Resources */,
			);
			buildRules = (
			);
			dependencies = (
				F8C48E5A1E9E11C20011066E /* PBXTargetDependency */,
			);
			name = MyDemoTests;
			productName = MyDemoTests;
			productReference = F8C48E581E9E11C20011066E /* MyDemoTests.xctest */;
			productType = "com.apple.product-type.bundle.unit-test";
		};
		F8C48E621E9E11C20011066E /* MyDemoUITests */ = {
			isa = PBXNativeTarget;
			buildConfigurationList = F8C48E721E9E11C20011066E /* Build configuration list for PBXNativeTarget "MyDemoUITests" */;
			buildPhases = (
				F8C48E5F1E9E11C20011066E /* Sources */,
				F8C48E601E9E11C20011066E /* Frameworks */,
				F8C48E611E9E11C20011066E /* Resources */,
			);
			buildRules = (
			);
			dependencies = (
				F8C48E651E9E11C20011066E /* PBXTargetDependency */,
			);
			name = MyDemoUITests;
			productName = MyDemoUITests;
			productReference = F8C48E631E9E11C20011066E /* MyDemoUITests.xctest */;
			productType = "com.apple.product-type.bundle.ui-testing";
		};
/* End PBXNativeTarget section */

/* Begin PBXProject section */
		F8C48E371E9E11C20011066E /* Project object */ = {
			isa = PBXProject;
			attributes = {
				CLASSPREFIX = XM;
				LastUpgradeCheck = 0830;
				ORGANIZATIONNAME = com.mgn.test;
				TargetAttributes = {
					F8C48E3E1E9E11C20011066E = {
						CreatedOnToolsVersion = 8.3;
						DevelopmentTeam = XZ966B9UK5;
						ProvisioningStyle = Automatic;
					};
					F8C48E571E9E11C20011066E = {
						CreatedOnToolsVersion = 8.3;
						DevelopmentTeam = XZ966B9UK5;
						ProvisioningStyle = Automatic;
						TestTargetID = F8C48E3E1E9E11C20011066E;
					};
					F8C48E621E9E11C20011066E = {
						CreatedOnToolsVersion = 8.3;
						DevelopmentTeam = XZ966B9UK5;
						ProvisioningStyle = Automatic;
						TestTargetID = F8C48E3E1E9E11C20011066E;
					};
				};
			};
			buildConfigurationList = F8C48E3A1E9E11C20011066E /* Build configuration list for PBXProject "MyDemo" */;
			compatibilityVersion = "Xcode 3.2";
			developmentRegion = English;
			hasScannedForEncodings = 0;
			knownRegions = (
				en,
				Base,
			);
			mainGroup = F8C48E361E9E11C20011066E;
			productRefGroup = F8C48E401E9E11C20011066E /* Products */;
			projectDirPath = "";
			projectReferences = (
				{
					ProductGroup = F8F678311EA0D13000D06A30 /* Products */;
					ProjectRef = F8F678301EA0D13000D06A30 /* CF_Runloop.xcodeproj */;
				},
			);
			projectRoot = "";
			targets = (
				F8C48E3E1E9E11C20011066E /* MyDemo */,
				F8C48E571E9E11C20011066E /* MyDemoTests */,
				F8C48E621E9E11C20011066E /* MyDemoUITests */,
			);
		};
/* End PBXProject section */

/* Begin PBXResourcesBuildPhase section */
		F8C48E3D1E9E11C20011066E /* Resources */ = {
			isa = PBXResourcesBuildPhase;
			buildActionMask = 2147483647;
			files = (
				F8D88C151F204ED300ACE7FF /* express.json in Resources */,
				F8C48E8C1E9E1C330011066E /* XMCoreDataVc.xib in Resources */,
				F8C48E521E9E11C20011066E /* LaunchScreen.storyboard in Resources */,
				F8F6783C1EA4B9F400D06A30 /* XMAFNetVc.xib in Resources */,
				F804D5C71F3850B9008A656A /* circle_cir.png in Resources */,
				F804D5C61F3850B9008A656A /* circle.png in Resources */,
				F8D88C181F204FB100ACE7FF /* express.plist in Resources */,
				F804D5C51F3850B9008A656A /* backImg_start.png in Resources */,
				F8C48E4F1E9E11C20011066E /* Assets.xcassets in Resources */,
				F804D5BE1F3850B9008A656A /* rrslj.ipa in Resources */,
				F804D5C41F3850B9008A656A /* backImg_end.png in Resources */,
				F8D88BEC1F1F355300ACE7FF /* dddd.json in Resources */,
			);
			runOnlyForDeploymentPostprocessing = 0;
		};
		F8C48E561E9E11C20011066E /* Resources */ = {
			isa = PBXResourcesBuildPhase;
			buildActionMask = 2147483647;
			files = (
			);
			runOnlyForDeploymentPostprocessing = 0;
		};
		F8C48E611E9E11C20011066E /* Resources */ = {
			isa = PBXResourcesBuildPhase;
			buildActionMask = 2147483647;
			files = (
			);
			runOnlyForDeploymentPostprocessing = 0;
		};
/* End PBXResourcesBuildPhase section */

/* Begin PBXShellScriptBuildPhase section */
		557DF1CEA0EB29DC3A1682CB /* [CP] Embed Pods Frameworks */ = {
			isa = PBXShellScriptBuildPhase;
			buildActionMask = 2147483647;
			files = (
			);
			inputPaths = (
			);
			name = "[CP] Embed Pods Frameworks";
			outputPaths = (
			);
			runOnlyForDeploymentPostprocessing = 0;
			shellPath = /bin/sh;
			shellScript = "\"${SRCROOT}/Pods/Target Support Files/Pods-MyDemo/Pods-MyDemo-frameworks.sh\"\n";
			showEnvVarsInLog = 0;
		};
		5BF7857AB57B68B3BE723325 /* [CP] Check Pods Manifest.lock */ = {
			isa = PBXShellScriptBuildPhase;
			buildActionMask = 2147483647;
			files = (
			);
			inputPaths = (
			);
			name = "[CP] Check Pods Manifest.lock";
			outputPaths = (
			);
			runOnlyForDeploymentPostprocessing = 0;
			shellPath = /bin/sh;
			shellScript = "diff \"${PODS_ROOT}/../Podfile.lock\" \"${PODS_ROOT}/Manifest.lock\" > /dev/null\nif [ $? != 0 ] ; then\n    # print error to STDERR\n    echo \"error: The sandbox is not in sync with the Podfile.lock. Run 'pod install' or update your CocoaPods installation.\" >&2\n    exit 1\nfi\n";
			showEnvVarsInLog = 0;
		};
		5CD4FAECBDF40984CBF2440F /* [CP] Copy Pods Resources */ = {
			isa = PBXShellScriptBuildPhase;
			buildActionMask = 2147483647;
			files = (
			);
			inputPaths = (
			);
			name = "[CP] Copy Pods Resources";
			outputPaths = (
			);
			runOnlyForDeploymentPostprocessing = 0;
			shellPath = /bin/sh;
			shellScript = "\"${SRCROOT}/Pods/Target Support Files/Pods-MyDemo/Pods-MyDemo-resources.sh\"\n";
			showEnvVarsInLog = 0;
		};
/* End PBXShellScriptBuildPhase section */

/* Begin PBXSourcesBuildPhase section */
		F8C48E3B1E9E11C20011066E /* Sources */ = {
			isa = PBXSourcesBuildPhase;
			buildActionMask = 2147483647;
			files = (
				F804D5BF1F3850B9008A656A /* NSCalendar+GTLCategory.m in Sources */,
				F804D5CA1F3850B9008A656A /* ZYCalendarView.m in Sources */,
				F804D5BA1F3850B9008A656A /* HECalendarCell.m in Sources */,
				F8D88BF61F1F421F00ACE7FF /* UIButton+TimerButton.m in Sources */,
				F804D5C31F3850B9008A656A /* HEWeekView.m in Sources */,
				F804D5C21F3850B9008A656A /* HEEnterCalendarCell.m in Sources */,
				F804D5B91F3850B9008A656A /* HECalendarVc.m in Sources */,
				F8C48E861E9E1B6A0011066E /* XMFmdbVc.m in Sources */,
				F804D5B81F3850B9008A656A /* HECalendarDetailVc.m in Sources */,
				F804D5BD1F3850B9008A656A /* HESectionHeaderView.m in Sources */,
				F804D5C81F3850B9008A656A /* JTDateHelper.m in Sources */,
				F8C48E821E9E1AD30011066E /* XMStartVc.m in Sources */,
				F8D88BEF1F1F376200ACE7FF /* testVc.m in Sources */,
				F8C5051A1F283FA800253AF9 /* XMTestView1.m in Sources */,
				F804D5C11F3850B9008A656A /* HECalendarFooterView.m in Sources */,
				F8D88BEA1F1F2D7F00ACE7FF /* RegisterVc.m in Sources */,
				F804D5CB1F3850B9008A656A /* ZYDayView.m in Sources */,
				F804D5BC1F3850B9008A656A /* HECalendarView.m in Sources */,
				F804D5BB1F3850B9008A656A /* HECalendarLayout.m in Sources */,
				F8F6783B1EA4B9F400D06A30 /* XMAFNetVc.m in Sources */,
				F8C48E8B1E9E1C330011066E /* XMCoreDataVc.m in Sources */,
				F8C48E8F1E9E2B6F0011066E /* XMFmdbManger.m in Sources */,
				F8A4B62A1EAEF35F00BB9168 /* XMTestView.m in Sources */,
				F8C48E811E9E1AD30011066E /* AppDelegate.m in Sources */,
				F8F678371EA4B9D200D06A30 /* XMNetworking.m in Sources */,
				F804D5CE1F3850B9008A656A /* ZYWeekView.m in Sources */,
				F8C505161F283DBC00253AF9 /* UIView+RectCorner.m in Sources */,
				F804D5C01F3850B9008A656A /* HECalendarModel.m in Sources */,
				F804D5CC1F3850B9008A656A /* ZYEmptyDayView.m in Sources */,
				F804D5CD1F3850B9008A656A /* ZYMonthView.m in Sources */,
				F856516F1F2985230074F4FB /* ARLabel.m in Sources */,
				F804D5C91F3850B9008A656A /* ZYCalendarManager.m in Sources */,
				F8C48E441E9E11C20011066E /* main.m in Sources */,
			);
			runOnlyForDeploymentPostprocessing = 0;
		};
		F8C48E541E9E11C20011066E /* Sources */ = {
			isa = PBXSourcesBuildPhase;
			buildActionMask = 2147483647;
			files = (
				F8C48E5D1E9E11C20011066E /* MyDemoTests.m in Sources */,
			);
			runOnlyForDeploymentPostprocessing = 0;
		};
		F8C48E5F1E9E11C20011066E /* Sources */ = {
			isa = PBXSourcesBuildPhase;
			buildActionMask = 2147483647;
			files = (
				F8C48E681E9E11C20011066E /* MyDemoUITests.m in Sources */,
			);
			runOnlyForDeploymentPostprocessing = 0;
		};
/* End PBXSourcesBuildPhase section */

/* Begin PBXTargetDependency section */
		F8C48E5A1E9E11C20011066E /* PBXTargetDependency */ = {
			isa = PBXTargetDependency;
			target = F8C48E3E1E9E11C20011066E /* MyDemo */;
			targetProxy = F8C48E591E9E11C20011066E /* PBXContainerItemProxy */;
		};
		F8C48E651E9E11C20011066E /* PBXTargetDependency */ = {
			isa = PBXTargetDependency;
			target = F8C48E3E1E9E11C20011066E /* MyDemo */;
			targetProxy = F8C48E641E9E11C20011066E /* PBXContainerItemProxy */;
		};
/* End PBXTargetDependency section */

/* Begin PBXVariantGroup section */
		F8C48E501E9E11C20011066E /* LaunchScreen.storyboard */ = {
			isa = PBXVariantGroup;
			children = (
				F8C48E511E9E11C20011066E /* Base */,
			);
			name = LaunchScreen.storyboard;
			sourceTree = "<group>";
		};
/* End PBXVariantGroup section */

/* Begin XCBuildConfiguration section */
		F8C48E6A1E9E11C20011066E /* Debug */ = {
			isa = XCBuildConfiguration;
			buildSettings = {
				ALWAYS_SEARCH_USER_PATHS = NO;
				CLANG_ANALYZER_NONNULL = YES;
				CLANG_ANALYZER_NUMBER_OBJECT_CONVERSION = YES_AGGRESSIVE;
				CLANG_CXX_LANGUAGE_STANDARD = "gnu++0x";
				CLANG_CXX_LIBRARY = "libc++";
				CLANG_ENABLE_MODULES = YES;
				CLANG_ENABLE_OBJC_ARC = YES;
				CLANG_WARN_BOOL_CONVERSION = YES;
				CLANG_WARN_CONSTANT_CONVERSION = YES;
				CLANG_WARN_DIRECT_OBJC_ISA_USAGE = YES_ERROR;
				CLANG_WARN_DOCUMENTATION_COMMENTS = YES;
				CLANG_WARN_EMPTY_BODY = YES;
				CLANG_WARN_ENUM_CONVERSION = YES;
				CLANG_WARN_INFINITE_RECURSION = YES;
				CLANG_WARN_INT_CONVERSION = YES;
				CLANG_WARN_OBJC_ROOT_CLASS = YES_ERROR;
				CLANG_WARN_SUSPICIOUS_MOVE = YES;
				CLANG_WARN_UNREACHABLE_CODE = YES;
				CLANG_WARN__DUPLICATE_METHOD_MATCH = YES;
				"CODE_SIGN_IDENTITY[sdk=iphoneos*]" = "iPhone Developer";
				COPY_PHASE_STRIP = NO;
				DEBUG_INFORMATION_FORMAT = dwarf;
				ENABLE_STRICT_OBJC_MSGSEND = YES;
				ENABLE_TESTABILITY = YES;
				GCC_C_LANGUAGE_STANDARD = gnu99;
				GCC_DYNAMIC_NO_PIC = NO;
				GCC_NO_COMMON_BLOCKS = YES;
				GCC_OPTIMIZATION_LEVEL = 0;
				GCC_PREPROCESSOR_DEFINITIONS = (
					"DEBUG=1",
					"$(inherited)",
				);
				GCC_WARN_64_TO_32_BIT_CONVERSION = YES;
				GCC_WARN_ABOUT_RETURN_TYPE = YES_ERROR;
				GCC_WARN_UNDECLARED_SELECTOR = YES;
				GCC_WARN_UNINITIALIZED_AUTOS = YES_AGGRESSIVE;
				GCC_WARN_UNUSED_FUNCTION = YES;
				GCC_WARN_UNUSED_VARIABLE = YES;
				IPHONEOS_DEPLOYMENT_TARGET = 10.3;
				MTL_ENABLE_DEBUG_INFO = YES;
				ONLY_ACTIVE_ARCH = YES;
				SDKROOT = iphoneos;
				TARGETED_DEVICE_FAMILY = "1,2";
			};
			name = Debug;
		};
		F8C48E6B1E9E11C20011066E /* Release */ = {
			isa = XCBuildConfiguration;
			buildSettings = {
				ALWAYS_SEARCH_USER_PATHS = NO;
				CLANG_ANALYZER_NONNULL = YES;
				CLANG_ANALYZER_NUMBER_OBJECT_CONVERSION = YES_AGGRESSIVE;
				CLANG_CXX_LANGUAGE_STANDARD = "gnu++0x";
				CLANG_CXX_LIBRARY = "libc++";
				CLANG_ENABLE_MODULES = YES;
				CLANG_ENABLE_OBJC_ARC = YES;
				CLANG_WARN_BOOL_CONVERSION = YES;
				CLANG_WARN_CONSTANT_CONVERSION = YES;
				CLANG_WARN_DIRECT_OBJC_ISA_USAGE = YES_ERROR;
				CLANG_WARN_DOCUMENTATION_COMMENTS = YES;
				CLANG_WARN_EMPTY_BODY = YES;
				CLANG_WARN_ENUM_CONVERSION = YES;
				CLANG_WARN_INFINITE_RECURSION = YES;
				CLANG_WARN_INT_CONVERSION = YES;
				CLANG_WARN_OBJC_ROOT_CLASS = YES_ERROR;
				CLANG_WARN_SUSPICIOUS_MOVE = YES;
				CLANG_WARN_UNREACHABLE_CODE = YES;
				CLANG_WARN__DUPLICATE_METHOD_MATCH = YES;
				"CODE_SIGN_IDENTITY[sdk=iphoneos*]" = "iPhone Developer";
				COPY_PHASE_STRIP = NO;
				DEBUG_INFORMATION_FORMAT = "dwarf-with-dsym";
				ENABLE_NS_ASSERTIONS = NO;
				ENABLE_STRICT_OBJC_MSGSEND = YES;
				GCC_C_LANGUAGE_STANDARD = gnu99;
				GCC_NO_COMMON_BLOCKS = YES;
				GCC_WARN_64_TO_32_BIT_CONVERSION = YES;
				GCC_WARN_ABOUT_RETURN_TYPE = YES_ERROR;
				GCC_WARN_UNDECLARED_SELECTOR = YES;
				GCC_WARN_UNINITIALIZED_AUTOS = YES_AGGRESSIVE;
				GCC_WARN_UNUSED_FUNCTION = YES;
				GCC_WARN_UNUSED_VARIABLE = YES;
				IPHONEOS_DEPLOYMENT_TARGET = 10.3;
				MTL_ENABLE_DEBUG_INFO = NO;
				SDKROOT = iphoneos;
				TARGETED_DEVICE_FAMILY = "1,2";
				VALIDATE_PRODUCT = YES;
			};
			name = Release;
		};
		F8C48E6D1E9E11C20011066E /* Debug */ = {
			isa = XCBuildConfiguration;
			baseConfigurationReference = 88F8C796B56DC85643F149F2 /* Pods-MyDemo.debug.xcconfig */;
			buildSettings = {
				ASSETCATALOG_COMPILER_APPICON_NAME = AppIcon;
				DEVELOPMENT_TEAM = XZ966B9UK5;
				GCC_INCREASE_PRECOMPILED_HEADER_SHARING = NO;
				GCC_PREFIX_HEADER = "$(SRCROOT)/MyDemo/PrefixHeader.pch";
				INFOPLIST_FILE = MyDemo/Info.plist;
				IPHONEOS_DEPLOYMENT_TARGET = 8.0;
				LD_RUNPATH_SEARCH_PATHS = "$(inherited) @executable_path/Frameworks";
				PRODUCT_BUNDLE_IDENTIFIER = XM.MyDemo;
				PRODUCT_NAME = "$(TARGET_NAME)";
				TARGETED_DEVICE_FAMILY = 1;
			};
			name = Debug;
		};
		F8C48E6E1E9E11C20011066E /* Release */ = {
			isa = XCBuildConfiguration;
			baseConfigurationReference = B87A3A6DD4408BE1BE10E1DB /* Pods-MyDemo.release.xcconfig */;
			buildSettings = {
				ASSETCATALOG_COMPILER_APPICON_NAME = AppIcon;
				DEVELOPMENT_TEAM = XZ966B9UK5;
				GCC_INCREASE_PRECOMPILED_HEADER_SHARING = NO;
				GCC_PREFIX_HEADER = "$(SRCROOT)/MyDemo/PrefixHeader.pch";
				INFOPLIST_FILE = MyDemo/Info.plist;
				IPHONEOS_DEPLOYMENT_TARGET = 8.0;
				LD_RUNPATH_SEARCH_PATHS = "$(inherited) @executable_path/Frameworks";
				PRODUCT_BUNDLE_IDENTIFIER = XM.MyDemo;
				PRODUCT_NAME = "$(TARGET_NAME)";
				TARGETED_DEVICE_FAMILY = 1;
			};
			name = Release;
		};
		F8C48E701E9E11C20011066E /* Debug */ = {
			isa = XCBuildConfiguration;
			buildSettings = {
				BUNDLE_LOADER = "$(TEST_HOST)";
				DEVELOPMENT_TEAM = XZ966B9UK5;
				INFOPLIST_FILE = MyDemoTests/Info.plist;
				LD_RUNPATH_SEARCH_PATHS = "$(inherited) @executable_path/Frameworks @loader_path/Frameworks";
				PRODUCT_BUNDLE_IDENTIFIER = XM.MyDemoTests;
				PRODUCT_NAME = "$(TARGET_NAME)";
				TEST_HOST = "$(BUILT_PRODUCTS_DIR)/MyDemo.app/MyDemo";
			};
			name = Debug;
		};
		F8C48E711E9E11C20011066E /* Release */ = {
			isa = XCBuildConfiguration;
			buildSettings = {
				BUNDLE_LOADER = "$(TEST_HOST)";
				DEVELOPMENT_TEAM = XZ966B9UK5;
				INFOPLIST_FILE = MyDemoTests/Info.plist;
				LD_RUNPATH_SEARCH_PATHS = "$(inherited) @executable_path/Frameworks @loader_path/Frameworks";
				PRODUCT_BUNDLE_IDENTIFIER = XM.MyDemoTests;
				PRODUCT_NAME = "$(TARGET_NAME)";
				TEST_HOST = "$(BUILT_PRODUCTS_DIR)/MyDemo.app/MyDemo";
			};
			name = Release;
		};
		F8C48E731E9E11C20011066E /* Debug */ = {
			isa = XCBuildConfiguration;
			buildSettings = {
				DEVELOPMENT_TEAM = XZ966B9UK5;
				INFOPLIST_FILE = MyDemoUITests/Info.plist;
				LD_RUNPATH_SEARCH_PATHS = "$(inherited) @executable_path/Frameworks @loader_path/Frameworks";
				PRODUCT_BUNDLE_IDENTIFIER = XM.MyDemoUITests;
				PRODUCT_NAME = "$(TARGET_NAME)";
				TEST_TARGET_NAME = MyDemo;
			};
			name = Debug;
		};
		F8C48E741E9E11C20011066E /* Release */ = {
			isa = XCBuildConfiguration;
			buildSettings = {
				DEVELOPMENT_TEAM = XZ966B9UK5;
				INFOPLIST_FILE = MyDemoUITests/Info.plist;
				LD_RUNPATH_SEARCH_PATHS = "$(inherited) @executable_path/Frameworks @loader_path/Frameworks";
				PRODUCT_BUNDLE_IDENTIFIER = XM.MyDemoUITests;
				PRODUCT_NAME = "$(TARGET_NAME)";
				TEST_TARGET_NAME = MyDemo;
			};
			name = Release;
		};
/* End XCBuildConfiguration section */

/* Begin XCConfigurationList section */
		F8C48E3A1E9E11C20011066E /* Build configuration list for PBXProject "MyDemo" */ = {
			isa = XCConfigurationList;
			buildConfigurations = (
				F8C48E6A1E9E11C20011066E /* Debug */,
				F8C48E6B1E9E11C20011066E /* Release */,
			);
			defaultConfigurationIsVisible = 0;
			defaultConfigurationName = Release;
		};
		F8C48E6C1E9E11C20011066E /* Build configuration list for PBXNativeTarget "MyDemo" */ = {
			isa = XCConfigurationList;
			buildConfigurations = (
				F8C48E6D1E9E11C20011066E /* Debug */,
				F8C48E6E1E9E11C20011066E /* Release */,
			);
			defaultConfigurationIsVisible = 0;
			defaultConfigurationName = Release;
		};
		F8C48E6F1E9E11C20011066E /* Build configuration list for PBXNativeTarget "MyDemoTests" */ = {
			isa = XCConfigurationList;
			buildConfigurations = (
				F8C48E701E9E11C20011066E /* Debug */,
				F8C48E711E9E11C20011066E /* Release */,
			);
			defaultConfigurationIsVisible = 0;
			defaultConfigurationName = Release;
		};
		F8C48E721E9E11C20011066E /* Build configuration list for PBXNativeTarget "MyDemoUITests" */ = {
			isa = XCConfigurationList;
			buildConfigurations = (
				F8C48E731E9E11C20011066E /* Debug */,
				F8C48E741E9E11C20011066E /* Release */,
			);
			defaultConfigurationIsVisible = 0;
			defaultConfigurationName = Release;
		};
/* End XCConfigurationList section */
	};
	rootObject = F8C48E371E9E11C20011066E /* Project object */;
}
